
Microsoft Visual Studio Solution File, Format Version 12.00
# Visual Studio Version 17
VisualStudioVersion = 17.5.002.0
MinimumVisualStudioVersion = 10.0.40219.1
Project("{9A19103F-16F7-4668-BE54-9A1E7A4F7556}") = "Api", "Api.csproj", "{6723F155-6571-4516-8BE2-AEB276D2F23C}"
EndProject
Global
	GlobalSection(SolutionConfigurationPlatforms) = preSolution
		Debug|Any CPU = Debug|Any CPU
		Release|Any CPU = Release|Any CPU
	EndGlobalSection
	GlobalSection(ProjectConfigurationPlatforms) = postSolution
		{6723F155-6571-4516-8BE2-AEB276D2F23C}.Debug|Any CPU.ActiveCfg = Debug|Any CPU
		{6723F155-6571-4516-8BE2-AEB276D2F23C}.Debug|Any CPU.Build.0 = Debug|Any CPU
		{6723F155-6571-4516-8BE2-AEB276D2F23C}.Release|Any CPU.ActiveCfg = Release|Any CPU
		{6723F155-6571-4516-8BE2-AEB276D2F23C}.Release|Any CPU.Build.0 = Release|Any CPU
	EndGlobalSection
	GlobalSection(SolutionProperties) = preSolution
		HideSolutionNode = FALSE
	EndGlobalSection
	GlobalSection(ExtensibilityGlobals) = postSolution
		SolutionGuid = {B411D3B2-29A5-4ADE-8F90-0B050046458D}
	EndGlobalSection
EndGlobal
